
Microsoft Visual Studio Solution File, Format Version 12.00
# Visual Studio 2012
Project("{FAE04EC0-301F-11D3-BF4B-00C04F79EFBC}") = "m5_lab_使用區域變數", "m5_lab_使用區域變數\m5_lab_使用區域變數.csproj", "{300AC717-112B-4F8B-B097-B7366181E141}"
EndProject
Global
	GlobalSection(SolutionConfigurationPlatforms) = preSolution
		Debug|x86 = Debug|x86
		Release|x86 = Release|x86
	EndGlobalSection
	GlobalSection(ProjectConfigurationPlatforms) = postSolution
		{300AC717-112B-4F8B-B097-B7366181E141}.Debug|x86.ActiveCfg = Debug|x86
		{300AC717-112B-4F8B-B097-B7366181E141}.Debug|x86.Build.0 = Debug|x86
		{300AC717-112B-4F8B-B097-B7366181E141}.Release|x86.ActiveCfg = Release|x86
		{300AC717-112B-4F8B-B097-B7366181E141}.Release|x86.Build.0 = Release|x86
	EndGlobalSection
	GlobalSection(SolutionProperties) = preSolution
		HideSolutionNode = FALSE
	EndGlobalSection
EndGlobal
