
Microsoft Visual Studio Solution File, Format Version 12.00
# Visual Studio 15
VisualStudioVersion = 15.0.27004.2002
MinimumVisualStudioVersion = 10.0.40219.1
Project("{FAE04EC0-301F-11D3-BF4B-00C04F79EFBC}") = "m3_6_demo_對程式除錯", "m5_demo_對程式除錯\m3_6_demo_對程式除錯.csproj", "{FC1B794F-8B7B-4A43-B1B2-8519090176CB}"
EndProject
Global
	GlobalSection(SolutionConfigurationPlatforms) = preSolution
		Debug|Any CPU = Debug|Any CPU
		Release|Any CPU = Release|Any CPU
	EndGlobalSection
	GlobalSection(ProjectConfigurationPlatforms) = postSolution
		{FC1B794F-8B7B-4A43-B1B2-8519090176CB}.Debug|Any CPU.ActiveCfg = Debug|Any CPU
		{FC1B794F-8B7B-4A43-B1B2-8519090176CB}.Debug|Any CPU.Build.0 = Debug|Any CPU
		{FC1B794F-8B7B-4A43-B1B2-8519090176CB}.Release|Any CPU.ActiveCfg = Release|Any CPU
		{FC1B794F-8B7B-4A43-B1B2-8519090176CB}.Release|Any CPU.Build.0 = Release|Any CPU
	EndGlobalSection
	GlobalSection(SolutionProperties) = preSolution
		HideSolutionNode = FALSE
	EndGlobalSection
	GlobalSection(ExtensibilityGlobals) = postSolution
		SolutionGuid = {83F955FF-BA1E-4945-BD2B-5A9E7769B011}
	EndGlobalSection
EndGlobal
