
Microsoft Visual Studio Solution File, Format Version 12.00
# Visual Studio 2012
Project("{FAE04EC0-301F-11D3-BF4B-00C04F79EFBC}") = "m3_lab_指派變數內容值", "m3_lab_指派變數內容值\m3_lab_指派變數內容值.csproj", "{041D8948-3FE1-48E1-A5CC-CDB8B2727ACE}"
EndProject
Global
	GlobalSection(SolutionConfigurationPlatforms) = preSolution
		Debug|Any CPU = Debug|Any CPU
		Release|Any CPU = Release|Any CPU
	EndGlobalSection
	GlobalSection(ProjectConfigurationPlatforms) = postSolution
		{041D8948-3FE1-48E1-A5CC-CDB8B2727ACE}.Debug|Any CPU.ActiveCfg = Debug|Any CPU
		{041D8948-3FE1-48E1-A5CC-CDB8B2727ACE}.Debug|Any CPU.Build.0 = Debug|Any CPU
		{041D8948-3FE1-48E1-A5CC-CDB8B2727ACE}.Release|Any CPU.ActiveCfg = Release|Any CPU
		{041D8948-3FE1-48E1-A5CC-CDB8B2727ACE}.Release|Any CPU.Build.0 = Release|Any CPU
	EndGlobalSection
	GlobalSection(SolutionProperties) = preSolution
		HideSolutionNode = FALSE
	EndGlobalSection
EndGlobal
