
Microsoft Visual Studio Solution File, Format Version 11.00
# Visual Studio 2010
Project("{FAE04EC0-301F-11D3-BF4B-00C04F79EFBC}") = "m6_demo_Boxing與Unboxing", "m6_demo_Boxing與Unboxing\m6_demo_Boxing與Unboxing.csproj", "{DC9B85A6-1D06-4841-9A1E-5D4E45C521DA}"
EndProject
Global
	GlobalSection(SolutionConfigurationPlatforms) = preSolution
		Debug|x86 = Debug|x86
		Release|x86 = Release|x86
	EndGlobalSection
	GlobalSection(ProjectConfigurationPlatforms) = postSolution
		{DC9B85A6-1D06-4841-9A1E-5D4E45C521DA}.Debug|x86.ActiveCfg = Debug|x86
		{DC9B85A6-1D06-4841-9A1E-5D4E45C521DA}.Debug|x86.Build.0 = Debug|x86
		{DC9B85A6-1D06-4841-9A1E-5D4E45C521DA}.Release|x86.ActiveCfg = Release|x86
		{DC9B85A6-1D06-4841-9A1E-5D4E45C521DA}.Release|x86.Build.0 = Release|x86
	EndGlobalSection
	GlobalSection(SolutionProperties) = preSolution
		HideSolutionNode = FALSE
	EndGlobalSection
EndGlobal
