
Microsoft Visual Studio Solution File, Format Version 12.00
# Visual Studio 2012
Project("{FAE04EC0-301F-11D3-BF4B-00C04F79EFBC}") = "m3_demo_struct型態", "m3_demo_struct型態\m3_demo_struct型態.csproj", "{0DE7BD89-CA58-44EA-B933-74A5C94C422A}"
EndProject
Global
	GlobalSection(SolutionConfigurationPlatforms) = preSolution
		Debug|Any CPU = Debug|Any CPU
		Release|Any CPU = Release|Any CPU
	EndGlobalSection
	GlobalSection(ProjectConfigurationPlatforms) = postSolution
		{0DE7BD89-CA58-44EA-B933-74A5C94C422A}.Debug|Any CPU.ActiveCfg = Debug|Any CPU
		{0DE7BD89-CA58-44EA-B933-74A5C94C422A}.Debug|Any CPU.Build.0 = Debug|Any CPU
		{0DE7BD89-CA58-44EA-B933-74A5C94C422A}.Release|Any CPU.ActiveCfg = Release|Any CPU
		{0DE7BD89-CA58-44EA-B933-74A5C94C422A}.Release|Any CPU.Build.0 = Release|Any CPU
	EndGlobalSection
	GlobalSection(SolutionProperties) = preSolution
		HideSolutionNode = FALSE
	EndGlobalSection
EndGlobal
